Microsoft Visual Studio Solution File, Format Version 12.00
# Visual Studio Version 17
VisualStudioVersion = 17.5.2.0
MinimumVisualStudioVersion = 10.0.40219.1
Project("{FAE04EC0-301F-11D3-BF4B-00C04F79EFBC}") = "STS2.Cli.Cmd", "STS2.Cli.Cmd\STS2.Cli.Cmd.csproj", "{00654FF3-A308-2550-85D2-2A1457AF53E8}"
EndProject
Project("{FAE04EC0-301F-11D3-BF4B-00C04F79EFBC}") = "STS2.Cli.Mod", "STS2.Cli.Mod\STS2.Cli.Mod.csproj", "{88C6F6C2-AE37-5784-4E52-6D3D29B17FE5}"
EndProject
Global
	GlobalSection(SolutionConfigurationPlatforms) = preSolution
		Debug|Any CPU = Debug|Any CPU
		Release|Any CPU = Release|Any CPU
	EndGlobalSection
	GlobalSection(ProjectConfigurationPlatforms) = postSolution
		{00654FF3-A308-2550-85D2-2A1457AF53E8}.Debug|Any CPU.ActiveCfg = Debug|Any CPU
		{00654FF3-A308-2550-85D2-2A1457AF53E8}.Debug|Any CPU.Build.0 = Debug|Any CPU
		{00654FF3-A308-2550-85D2-2A1457AF53E8}.Release|Any CPU.ActiveCfg = Release|Any CPU
		{00654FF3-A308-2550-85D2-2A1457AF53E8}.Release|Any CPU.Build.0 = Release|Any CPU
		{88C6F6C2-AE37-5784-4E52-6D3D29B17FE5}.Debug|Any CPU.ActiveCfg = Debug|Any CPU
		{88C6F6C2-AE37-5784-4E52-6D3D29B17FE5}.Debug|Any CPU.Build.0 = Debug|Any CPU
		{88C6F6C2-AE37-5784-4E52-6D3D29B17FE5}.Release|Any CPU.ActiveCfg = Release|Any CPU
		{88C6F6C2-AE37-5784-4E52-6D3D29B17FE5}.Release|Any CPU.Build.0 = Release|Any CPU
	EndGlobalSection
	GlobalSection(SolutionProperties) = preSolution
		HideSolutionNode = FALSE
	EndGlobalSection
	GlobalSection(ExtensibilityGlobals) = postSolution
		SolutionGuid = {1695028D-8EC1-42A2-A1FC-0B57B6C2D3BF}
	EndGlobalSection
EndGlobal
